
Microsoft Visual Studio Solution File, Format Version 12.00
# Visual Studio Version 17
VisualStudioVersion = 17.4.33403.182
MinimumVisualStudioVersion = 10.0.40219.1
Project("{FAE04EC0-301F-11D3-BF4B-00C04F79EFBC}") = "qeueArray", "qeueArray.csproj", "{BC2497BB-E241-471F-A2DC-7A33B429193D}"
EndProject
Global
	GlobalSection(SolutionConfigurationPlatforms) = preSolution
		Debug|Any CPU = Debug|Any CPU
		Release|Any CPU = Release|Any CPU
	EndGlobalSection
	GlobalSection(ProjectConfigurationPlatforms) = postSolution
		{BC2497BB-E241-471F-A2DC-7A33B429193D}.Debug|Any CPU.ActiveCfg = Debug|Any CPU
		{BC2497BB-E241-471F-A2DC-7A33B429193D}.Debug|Any CPU.Build.0 = Debug|Any CPU
		{BC2497BB-E241-471F-A2DC-7A33B429193D}.Release|Any CPU.ActiveCfg = Release|Any CPU
		{BC2497BB-E241-471F-A2DC-7A33B429193D}.Release|Any CPU.Build.0 = Release|Any CPU
	EndGlobalSection
	GlobalSection(SolutionProperties) = preSolution
		HideSolutionNode = FALSE
	EndGlobalSection
	GlobalSection(ExtensibilityGlobals) = postSolution
		SolutionGuid = {5D06049C-6836-42F5-AD90-9287A5570326}
	EndGlobalSection
EndGlobal
